
Microsoft Visual Studio Solution File, Format Version 12.00
# Visual Studio Version 17
VisualStudioVersion = 17.14.36414.22 d17.14
MinimumVisualStudioVersion = 10.0.40219.1
Project("{FAE04EC0-301F-11D3-BF4B-00C04F79EFBC}") = "NexaWorksP6", "NexaWorksP6\NexaWorksP6.csproj", "{EA2025BA-03AB-4BE8-9DFA-469C94B5FE5B}"
EndProject
Global
	GlobalSection(SolutionConfigurationPlatforms) = preSolution
		Debug|Any CPU = Debug|Any CPU
		Release|Any CPU = Release|Any CPU
	EndGlobalSection
	GlobalSection(ProjectConfigurationPlatforms) = postSolution
		{EA2025BA-03AB-4BE8-9DFA-469C94B5FE5B}.Debug|Any CPU.ActiveCfg = Debug|Any CPU
		{EA2025BA-03AB-4BE8-9DFA-469C94B5FE5B}.Debug|Any CPU.Build.0 = Debug|Any CPU
		{EA2025BA-03AB-4BE8-9DFA-469C94B5FE5B}.Release|Any CPU.ActiveCfg = Release|Any CPU
		{EA2025BA-03AB-4BE8-9DFA-469C94B5FE5B}.Release|Any CPU.Build.0 = Release|Any CPU
	EndGlobalSection
	GlobalSection(SolutionProperties) = preSolution
		HideSolutionNode = FALSE
	EndGlobalSection
	GlobalSection(ExtensibilityGlobals) = postSolution
		SolutionGuid = {F977FFA2-0F85-4592-97FF-17E46A99582E}
	EndGlobalSection
EndGlobal
